
Microsoft Visual Studio Solution File, Format Version 12.00
# Visual Studio Version 16
VisualStudioVersion = 16.0.31702.278
MinimumVisualStudioVersion = 10.0.40219.1
Project("{FAE04EC0-301F-11D3-BF4B-00C04F79EFBC}") = "B_D_Tienda", "B_D_Tienda\B_D_Tienda.csproj", "{52D0BE2F-FA8A-44C7-8ADB-04401813179C}"
EndProject
Global
	GlobalSection(SolutionConfigurationPlatforms) = preSolution
		Debug|Any CPU = Debug|Any CPU
		Release|Any CPU = Release|Any CPU
	EndGlobalSection
	GlobalSection(ProjectConfigurationPlatforms) = postSolution
		{52D0BE2F-FA8A-44C7-8ADB-04401813179C}.Debug|Any CPU.ActiveCfg = Debug|Any CPU
		{52D0BE2F-FA8A-44C7-8ADB-04401813179C}.Debug|Any CPU.Build.0 = Debug|Any CPU
		{52D0BE2F-FA8A-44C7-8ADB-04401813179C}.Release|Any CPU.ActiveCfg = Release|Any CPU
		{52D0BE2F-FA8A-44C7-8ADB-04401813179C}.Release|Any CPU.Build.0 = Release|Any CPU
	EndGlobalSection
	GlobalSection(SolutionProperties) = preSolution
		HideSolutionNode = FALSE
	EndGlobalSection
	GlobalSection(ExtensibilityGlobals) = postSolution
		SolutionGuid = {29C3BA57-B041-4CF0-A86B-A50206C0003B}
	EndGlobalSection
EndGlobal
